
Microsoft Visual Studio Solution File, Format Version 12.00
# Visual Studio 14
VisualStudioVersion = 14.0.24720.0
MinimumVisualStudioVersion = 10.0.40219.1
Project("{FAE04EC0-301F-11D3-BF4B-00C04F79EFBC}") = "IDisposableAnalyzer", "IDisposableAnalyzer\IDisposableAnalyzer\IDisposableAnalyzer.csproj", "{C0C20CB7-6ADD-4357-B50E-14C4B48A17A2}"
EndProject
Project("{FAE04EC0-301F-11D3-BF4B-00C04F79EFBC}") = "IDisposableAnalyzer.Test", "IDisposableAnalyzer\IDisposableAnalyzer.Test\IDisposableAnalyzer.Test.csproj", "{1724D134-AC5F-437C-B180-DCF27C5445BA}"
EndProject
Project("{FAE04EC0-301F-11D3-BF4B-00C04F79EFBC}") = "IDisposableAnalyzer.Vsix", "IDisposableAnalyzer\IDisposableAnalyzer.Vsix\IDisposableAnalyzer.Vsix.csproj", "{9239EA65-9889-4210-A613-713FFD59AAAC}"
EndProject
Global
	GlobalSection(SolutionConfigurationPlatforms) = preSolution
		Debug|Any CPU = Debug|Any CPU
		Release|Any CPU = Release|Any CPU
	EndGlobalSection
	GlobalSection(ProjectConfigurationPlatforms) = postSolution
		{C0C20CB7-6ADD-4357-B50E-14C4B48A17A2}.Debug|Any CPU.ActiveCfg = Debug|Any CPU
		{C0C20CB7-6ADD-4357-B50E-14C4B48A17A2}.Debug|Any CPU.Build.0 = Debug|Any CPU
		{C0C20CB7-6ADD-4357-B50E-14C4B48A17A2}.Release|Any CPU.ActiveCfg = Release|Any CPU
		{C0C20CB7-6ADD-4357-B50E-14C4B48A17A2}.Release|Any CPU.Build.0 = Release|Any CPU
		{1724D134-AC5F-437C-B180-DCF27C5445BA}.Debug|Any CPU.ActiveCfg = Debug|Any CPU
		{1724D134-AC5F-437C-B180-DCF27C5445BA}.Debug|Any CPU.Build.0 = Debug|Any CPU
		{1724D134-AC5F-437C-B180-DCF27C5445BA}.Release|Any CPU.ActiveCfg = Release|Any CPU
		{1724D134-AC5F-437C-B180-DCF27C5445BA}.Release|Any CPU.Build.0 = Release|Any CPU
		{9239EA65-9889-4210-A613-713FFD59AAAC}.Debug|Any CPU.ActiveCfg = Debug|Any CPU
		{9239EA65-9889-4210-A613-713FFD59AAAC}.Debug|Any CPU.Build.0 = Debug|Any CPU
		{9239EA65-9889-4210-A613-713FFD59AAAC}.Release|Any CPU.ActiveCfg = Release|Any CPU
		{9239EA65-9889-4210-A613-713FFD59AAAC}.Release|Any CPU.Build.0 = Release|Any CPU
	EndGlobalSection
	GlobalSection(SolutionProperties) = preSolution
		HideSolutionNode = FALSE
	EndGlobalSection
EndGlobal
